
Microsoft Visual Studio Solution File, Format Version 12.00
# Visual Studio 15
VisualStudioVersion = 15.0.28307.705
MinimumVisualStudioVersion = 10.0.40219.1
Project("{FAE04EC0-301F-11D3-BF4B-00C04F79EFBC}") = "ConsoleApp1", "ConsoleApp1\ConsoleApp1.csproj", "{AE367BFE-FFC1-42B6-A0C3-BC72C71666CD}"
EndProject
Project("{FAE04EC0-301F-11D3-BF4B-00C04F79EFBC}") = "ConsoleApp2", "ConsoleApp2\ConsoleApp2.csproj", "{C3FC1170-73A8-4CBF-8D57-0F9806D09F4C}"
EndProject
Global
	GlobalSection(SolutionConfigurationPlatforms) = preSolution
		Debug|Any CPU = Debug|Any CPU
		Release|Any CPU = Release|Any CPU
	EndGlobalSection
	GlobalSection(ProjectConfigurationPlatforms) = postSolution
		{AE367BFE-FFC1-42B6-A0C3-BC72C71666CD}.Debug|Any CPU.ActiveCfg = Debug|Any CPU
		{AE367BFE-FFC1-42B6-A0C3-BC72C71666CD}.Debug|Any CPU.Build.0 = Debug|Any CPU
		{AE367BFE-FFC1-42B6-A0C3-BC72C71666CD}.Release|Any CPU.ActiveCfg = Release|Any CPU
		{AE367BFE-FFC1-42B6-A0C3-BC72C71666CD}.Release|Any CPU.Build.0 = Release|Any CPU
		{C3FC1170-73A8-4CBF-8D57-0F9806D09F4C}.Debug|Any CPU.ActiveCfg = Debug|Any CPU
		{C3FC1170-73A8-4CBF-8D57-0F9806D09F4C}.Debug|Any CPU.Build.0 = Debug|Any CPU
		{C3FC1170-73A8-4CBF-8D57-0F9806D09F4C}.Release|Any CPU.ActiveCfg = Release|Any CPU
		{C3FC1170-73A8-4CBF-8D57-0F9806D09F4C}.Release|Any CPU.Build.0 = Release|Any CPU
	EndGlobalSection
	GlobalSection(SolutionProperties) = preSolution
		HideSolutionNode = FALSE
	EndGlobalSection
	GlobalSection(ExtensibilityGlobals) = postSolution
		SolutionGuid = {A2896B14-08B7-4BBC-AFA2-8E18EC9F81F6}
	EndGlobalSection
EndGlobal
